// !$*UTF8*$!
{
	archiveVersion = 1;
	classes = {
	};
	objectVersion = 56;
	objects = {

/* Begin PBXBuildFile section */
		2928A2AF2A3FA16A00D8C63E /* HeaderView.swift in Sources */ = {isa = PBXBuildFile; fileRef = 2928A2AE2A3FA16A00D8C63E /* HeaderView.swift */; };
		29D153162A3E01E000331DA1 /* ToDoListApp.swift in Sources */ = {isa = PBXBuildFile; fileRef = 29D153152A3E01E000331DA1 /* ToDoListApp.swift */; };
		29D153182A3E01E000331DA1 /* MainView.swift in Sources */ = {isa = PBXBuildFile; fileRef = 29D153172A3E01E000331DA1 /* MainView.swift */; };
		29D1531A2A3E01E200331DA1 /* Assets.xcassets in Resources */ = {isa = PBXBuildFile; fileRef = 29D153192A3E01E200331DA1 /* Assets.xcassets */; };
		29D1531E2A3E01E200331DA1 /* Preview Assets.xcassets in Resources */ = {isa = PBXBuildFile; fileRef = 29D1531D2A3E01E200331DA1 /* Preview Assets.xcassets */; };
		29D153262A3E079500331DA1 /* FirebaseAuth in Frameworks */ = {isa = PBXBuildFile; productRef = 29D153252A3E079500331DA1 /* FirebaseAuth */; };
		29D153282A3E079500331DA1 /* FirebaseFirestore in Frameworks */ = {isa = PBXBuildFile; productRef = 29D153272A3E079500331DA1 /* FirebaseFirestore */; };
		29D1532A2A3E079500331DA1 /* FirebaseFirestoreSwift in Frameworks */ = {isa = PBXBuildFile; productRef = 29D153292A3E079500331DA1 /* FirebaseFirestoreSwift */; };
		29D1532C2A3E0AD100331DA1 /* GoogleService-Info.plist in Resources */ = {isa = PBXBuildFile; fileRef = 29D1532B2A3E0AD100331DA1 /* GoogleService-Info.plist */; };
		29D153322A3E1B1600331DA1 /* ProfileView.swift in Sources */ = {isa = PBXBuildFile; fileRef = 29D153312A3E1B1600331DA1 /* ProfileView.swift */; };
		29D153342A3E1B3300331DA1 /* ListItemsView.swift in Sources */ = {isa = PBXBuildFile; fileRef = 29D153332A3E1B3300331DA1 /* ListItemsView.swift */; };
		29D153362A3E1B5200331DA1 /* NewItemView.swift in Sources */ = {isa = PBXBuildFile; fileRef = 29D153352A3E1B5200331DA1 /* NewItemView.swift */; };
		29D153382A3E1D4400331DA1 /* ItemView.swift in Sources */ = {isa = PBXBuildFile; fileRef = 29D153372A3E1D4400331DA1 /* ItemView.swift */; };
		29D1533A2A3E1E0800331DA1 /* User.swift in Sources */ = {isa = PBXBuildFile; fileRef = 29D153392A3E1E0800331DA1 /* User.swift */; };
		29D1533C2A3E1E1800331DA1 /* ListItem.swift in Sources */ = {isa = PBXBuildFile; fileRef = 29D1533B2A3E1E1800331DA1 /* ListItem.swift */; };
		29D1533E2A3E272F00331DA1 /* MainViewModel.swift in Sources */ = {isa = PBXBuildFile; fileRef = 29D1533D2A3E272F00331DA1 /* MainViewModel.swift */; };
		29D153402A3E273C00331DA1 /* ProfileViewModel.swift in Sources */ = {isa = PBXBuildFile; fileRef = 29D1533F2A3E273C00331DA1 /* ProfileViewModel.swift */; };
		29D153422A3E274E00331DA1 /* ListItemsViewModel.swift in Sources */ = {isa = PBXBuildFile; fileRef = 29D153412A3E274E00331DA1 /* ListItemsViewModel.swift */; };
		29D153442A3E275F00331DA1 /* NewItemViewModel.swift in Sources */ = {isa = PBXBuildFile; fileRef = 29D153432A3E275F00331DA1 /* NewItemViewModel.swift */; };
		29D153462A3E284C00331DA1 /* LoginViewModel.swift in Sources */ = {isa = PBXBuildFile; fileRef = 29D153452A3E284C00331DA1 /* LoginViewModel.swift */; };
		29D153482A3E285900331DA1 /* RegisterViewModel.swift in Sources */ = {isa = PBXBuildFile; fileRef = 29D153472A3E285900331DA1 /* RegisterViewModel.swift */; };
		29D1534A2A3E286E00331DA1 /* LoginView.swift in Sources */ = {isa = PBXBuildFile; fileRef = 29D153492A3E286E00331DA1 /* LoginView.swift */; };
		29D1534C2A3E287C00331DA1 /* RegisterView.swift in Sources */ = {isa = PBXBuildFile; fileRef = 29D1534B2A3E287B00331DA1 /* RegisterView.swift */; };
		29D1534E2A3E28AC00331DA1 /* ItemViewModel.swift in Sources */ = {isa = PBXBuildFile; fileRef = 29D1534D2A3E28AC00331DA1 /* ItemViewModel.swift */; };
/* End PBXBuildFile section */

/* Begin PBXFileReference section */
		2928A2AE2A3FA16A00D8C63E /* HeaderView.swift */ = {isa = PBXFileReference; lastKnownFileType = sourcecode.swift; path = HeaderView.swift; sourceTree = "<group>"; };
		29D153122A3E01E000331DA1 /* ToDoList.app */ = {isa = PBXFileReference; explicitFileType = wrapper.application; includeInIndex = 0; path = ToDoList.app; sourceTree = BUILT_PRODUCTS_DIR; };
		29D153152A3E01E000331DA1 /* ToDoListApp.swift */ = {isa = PBXFileReference; lastKnownFileType = sourcecode.swift; path = ToDoListApp.swift; sourceTree = "<group>"; };
		29D153172A3E01E000331DA1 /* MainView.swift */ = {isa = PBXFileReference; lastKnownFileType = sourcecode.swift; path = MainView.swift; sourceTree = "<group>"; };
		29D153192A3E01E200331DA1 /* Assets.xcassets */ = {isa = PBXFileReference; lastKnownFileType = folder.assetcatalog; path = Assets.xcassets; sourceTree = "<group>"; };
		29D1531B2A3E01E200331DA1 /* ToDoList.entitlements */ = {isa = PBXFileReference; lastKnownFileType = text.plist.entitlements; path = ToDoList.entitlements; sourceTree = "<group>"; };
		29D1531D2A3E01E200331DA1 /* Preview Assets.xcassets */ = {isa = PBXFileReference; lastKnownFileType = folder.assetcatalog; path = "Preview Assets.xcassets"; sourceTree = "<group>"; };
		29D1532B2A3E0AD100331DA1 /* GoogleService-Info.plist */ = {isa = PBXFileReference; fileEncoding = 4; lastKnownFileType = text.plist.xml; path = "GoogleService-Info.plist"; sourceTree = "<group>"; };
		29D153312A3E1B1600331DA1 /* ProfileView.swift */ = {isa = PBXFileReference; lastKnownFileType = sourcecode.swift; path = ProfileView.swift; sourceTree = "<group>"; };
		29D153332A3E1B3300331DA1 /* ListItemsView.swift */ = {isa = PBXFileReference; lastKnownFileType = sourcecode.swift; path = ListItemsView.swift; sourceTree = "<group>"; };
		29D153352A3E1B5200331DA1 /* NewItemView.swift */ = {isa = PBXFileReference; lastKnownFileType = sourcecode.swift; path = NewItemView.swift; sourceTree = "<group>"; };
		29D153372A3E1D4400331DA1 /* ItemView.swift */ = {isa = PBXFileReference; lastKnownFileType = sourcecode.swift; path = ItemView.swift; sourceTree = "<group>"; };
		29D153392A3E1E0800331DA1 /* User.swift */ = {isa = PBXFileReference; lastKnownFileType = sourcecode.swift; path = User.swift; sourceTree = "<group>"; };
		29D1533B2A3E1E1800331DA1 /* ListItem.swift */ = {isa = PBXFileReference; lastKnownFileType = sourcecode.swift; path = ListItem.swift; sourceTree = "<group>"; };
		29D1533D2A3E272F00331DA1 /* MainViewModel.swift */ = {isa = PBXFileReference; lastKnownFileType = sourcecode.swift; path = MainViewModel.swift; sourceTree = "<group>"; };
		29D1533F2A3E273C00331DA1 /* ProfileViewModel.swift */ = {isa = PBXFileReference; lastKnownFileType = sourcecode.swift; path = ProfileViewModel.swift; sourceTree = "<group>"; };
		29D153412A3E274E00331DA1 /* ListItemsViewModel.swift */ = {isa = PBXFileReference; lastKnownFileType = sourcecode.swift; path = ListItemsViewModel.swift; sourceTree = "<group>"; };
		29D153432A3E275F00331DA1 /* NewItemViewModel.swift */ = {isa = PBXFileReference; lastKnownFileType = sourcecode.swift; path = NewItemViewModel.swift; sourceTree = "<group>"; };
		29D153452A3E284C00331DA1 /* LoginViewModel.swift */ = {isa = PBXFileReference; lastKnownFileType = sourcecode.swift; path = LoginViewModel.swift; sourceTree = "<group>"; };
		29D153472A3E285900331DA1 /* RegisterViewModel.swift */ = {isa = PBXFileReference; lastKnownFileType = sourcecode.swift; path = RegisterViewModel.swift; sourceTree = "<group>"; };
		29D153492A3E286E00331DA1 /* LoginView.swift */ = {isa = PBXFileReference; lastKnownFileType = sourcecode.swift; path = LoginView.swift; sourceTree = "<group>"; };
		29D1534B2A3E287B00331DA1 /* RegisterView.swift */ = {isa = PBXFileReference; lastKnownFileType = sourcecode.swift; path = RegisterView.swift; sourceTree = "<group>"; };
		29D1534D2A3E28AC00331DA1 /* ItemViewModel.swift */ = {isa = PBXFileReference; lastKnownFileType = sourcecode.swift; path = ItemViewModel.swift; sourceTree = "<group>"; };
/* End PBXFileReference section */

/* Begin PBXFrameworksBuildPhase section */
		29D1530F2A3E01E000331DA1 /* Frameworks */ = {
			isa = PBXFrameworksBuildPhase;
			buildActionMask = 2147483647;
			files = (
				29D153262A3E079500331DA1 /* FirebaseAuth in Frameworks */,
				29D153282A3E079500331DA1 /* FirebaseFirestore in Frameworks */,
				29D1532A2A3E079500331DA1 /* FirebaseFirestoreSwift in Frameworks */,
			);
			runOnlyForDeploymentPostprocessing = 0;
		};
/* End PBXFrameworksBuildPhase section */

/* Begin PBXGroup section */
		29D153092A3E01E000331DA1 = {
			isa = PBXGroup;
			children = (
				29D153142A3E01E000331DA1 /* ToDoList */,
				29D153132A3E01E000331DA1 /* Products */,
			);
			sourceTree = "<group>";
		};
		29D153132A3E01E000331DA1 /* Products */ = {
			isa = PBXGroup;
			children = (
				29D153122A3E01E000331DA1 /* ToDoList.app */,
			);
			name = Products;
			sourceTree = "<group>";
		};
		29D153142A3E01E000331DA1 /* ToDoList */ = {
			isa = PBXGroup;
			children = (
				29D153302A3E165100331DA1 /* Others */,
				29D1532F2A3E163B00331DA1 /* Models */,
				29D1532E2A3E162F00331DA1 /* ViewModels */,
				29D1532D2A3E162300331DA1 /* Views */,
				29D1532B2A3E0AD100331DA1 /* GoogleService-Info.plist */,
				29D153152A3E01E000331DA1 /* ToDoListApp.swift */,
				29D153192A3E01E200331DA1 /* Assets.xcassets */,
				29D1531B2A3E01E200331DA1 /* ToDoList.entitlements */,
				29D1531C2A3E01E200331DA1 /* Preview Content */,
			);
			path = ToDoList;
			sourceTree = "<group>";
		};
		29D1531C2A3E01E200331DA1 /* Preview Content */ = {
			isa = PBXGroup;
			children = (
				29D1531D2A3E01E200331DA1 /* Preview Assets.xcassets */,
			);
			path = "Preview Content";
			sourceTree = "<group>";
		};
		29D1532D2A3E162300331DA1 /* Views */ = {
			isa = PBXGroup;
			children = (
				29D153172A3E01E000331DA1 /* MainView.swift */,
				29D153312A3E1B1600331DA1 /* ProfileView.swift */,
				29D153332A3E1B3300331DA1 /* ListItemsView.swift */,
				29D153352A3E1B5200331DA1 /* NewItemView.swift */,
				29D153372A3E1D4400331DA1 /* ItemView.swift */,
				29D153492A3E286E00331DA1 /* LoginView.swift */,
				29D1534B2A3E287B00331DA1 /* RegisterView.swift */,
				2928A2AE2A3FA16A00D8C63E /* HeaderView.swift */,
			);
			path = Views;
			sourceTree = "<group>";
		};
		29D1532E2A3E162F00331DA1 /* ViewModels */ = {
			isa = PBXGroup;
			children = (
				29D1533D2A3E272F00331DA1 /* MainViewModel.swift */,
				29D1533F2A3E273C00331DA1 /* ProfileViewModel.swift */,
				29D153412A3E274E00331DA1 /* ListItemsViewModel.swift */,
				29D153432A3E275F00331DA1 /* NewItemViewModel.swift */,
				29D153452A3E284C00331DA1 /* LoginViewModel.swift */,
				29D153472A3E285900331DA1 /* RegisterViewModel.swift */,
				29D1534D2A3E28AC00331DA1 /* ItemViewModel.swift */,
			);
			path = ViewModels;
			sourceTree = "<group>";
		};
		29D1532F2A3E163B00331DA1 /* Models */ = {
			isa = PBXGroup;
			children = (
				29D153392A3E1E0800331DA1 /* User.swift */,
				29D1533B2A3E1E1800331DA1 /* ListItem.swift */,
			);
			path = Models;
			sourceTree = "<group>";
		};
		29D153302A3E165100331DA1 /* Others */ = {
			isa = PBXGroup;
			children = (
			);
			path = Others;
			sourceTree = "<group>";
		};
/* End PBXGroup section */

/* Begin PBXNativeTarget section */
		29D153112A3E01E000331DA1 /* ToDoList */ = {
			isa = PBXNativeTarget;
			buildConfigurationList = 29D153212A3E01E200331DA1 /* Build configuration list for PBXNativeTarget "ToDoList" */;
			buildPhases = (
				29D1530E2A3E01E000331DA1 /* Sources */,
				29D1530F2A3E01E000331DA1 /* Frameworks */,
				29D153102A3E01E000331DA1 /* Resources */,
			);
			buildRules = (
			);
			dependencies = (
			);
			name = ToDoList;
			packageProductDependencies = (
				29D153252A3E079500331DA1 /* FirebaseAuth */,
				29D153272A3E079500331DA1 /* FirebaseFirestore */,
				29D153292A3E079500331DA1 /* FirebaseFirestoreSwift */,
			);
			productName = ToDoList;
			productReference = 29D153122A3E01E000331DA1 /* ToDoList.app */;
			productType = "com.apple.product-type.application";
		};
/* End PBXNativeTarget section */

/* Begin PBXProject section */
		29D1530A2A3E01E000331DA1 /* Project object */ = {
			isa = PBXProject;
			attributes = {
				BuildIndependentTargetsInParallel = 1;
				LastSwiftUpdateCheck = 1410;
				LastUpgradeCheck = 1410;
				TargetAttributes = {
					29D153112A3E01E000331DA1 = {
						CreatedOnToolsVersion = 14.1;
					};
				};
			};
			buildConfigurationList = 29D1530D2A3E01E000331DA1 /* Build configuration list for PBXProject "ToDoList" */;
			compatibilityVersion = "Xcode 14.0";
			developmentRegion = en;
			hasScannedForEncodings = 0;
			knownRegions = (
				en,
				Base,
			);
			mainGroup = 29D153092A3E01E000331DA1;
			packageReferences = (
				29D153242A3E079500331DA1 /* XCRemoteSwiftPackageReference "firebase-ios-sdk" */,
			);
			productRefGroup = 29D153132A3E01E000331DA1 /* Products */;
			projectDirPath = "";
			projectRoot = "";
			targets = (
				29D153112A3E01E000331DA1 /* ToDoList */,
			);
		};
/* End PBXProject section */

/* Begin PBXResourcesBuildPhase section */
		29D153102A3E01E000331DA1 /* Resources */ = {
			isa = PBXResourcesBuildPhase;
			buildActionMask = 2147483647;
			files = (
				29D1531E2A3E01E200331DA1 /* Preview Assets.xcassets in Resources */,
				29D1531A2A3E01E200331DA1 /* Assets.xcassets in Resources */,
				29D1532C2A3E0AD100331DA1 /* GoogleService-Info.plist in Resources */,
			);
			runOnlyForDeploymentPostprocessing = 0;
		};
/* End PBXResourcesBuildPhase section */

/* Begin PBXSourcesBuildPhase section */
		29D1530E2A3E01E000331DA1 /* Sources */ = {
			isa = PBXSourcesBuildPhase;
			buildActionMask = 2147483647;
			files = (
				29D153182A3E01E000331DA1 /* MainView.swift in Sources */,
				2928A2AF2A3FA16A00D8C63E /* HeaderView.swift in Sources */,
				29D153382A3E1D4400331DA1 /* ItemView.swift in Sources */,
				29D1534E2A3E28AC00331DA1 /* ItemViewModel.swift in Sources */,
				29D153442A3E275F00331DA1 /* NewItemViewModel.swift in Sources */,
				29D1534A2A3E286E00331DA1 /* LoginView.swift in Sources */,
				29D153422A3E274E00331DA1 /* ListItemsViewModel.swift in Sources */,
				29D153322A3E1B1600331DA1 /* ProfileView.swift in Sources */,
				29D153162A3E01E000331DA1 /* ToDoListApp.swift in Sources */,
				29D153402A3E273C00331DA1 /* ProfileViewModel.swift in Sources */,
				29D1533C2A3E1E1800331DA1 /* ListItem.swift in Sources */,
				29D153462A3E284C00331DA1 /* LoginViewModel.swift in Sources */,
				29D153482A3E285900331DA1 /* RegisterViewModel.swift in Sources */,
				29D153342A3E1B3300331DA1 /* ListItemsView.swift in Sources */,
				29D153362A3E1B5200331DA1 /* NewItemView.swift in Sources */,
				29D1534C2A3E287C00331DA1 /* RegisterView.swift in Sources */,
				29D1533A2A3E1E0800331DA1 /* User.swift in Sources */,
				29D1533E2A3E272F00331DA1 /* MainViewModel.swift in Sources */,
			);
			runOnlyForDeploymentPostprocessing = 0;
		};
/* End PBXSourcesBuildPhase section */

/* Begin XCBuildConfiguration section */
		29D1531F2A3E01E200331DA1 /* Debug */ = {
			isa = XCBuildConfiguration;
			buildSettings = {
				ALWAYS_SEARCH_USER_PATHS = NO;
				CLANG_ANALYZER_NONNULL = YES;
				CLANG_ANALYZER_NUMBER_OBJECT_CONVERSION = YES_AGGRESSIVE;
				CLANG_CXX_LANGUAGE_STANDARD = "gnu++20";
				CLANG_ENABLE_MODULES = YES;
				CLANG_ENABLE_OBJC_ARC = YES;
				CLANG_ENABLE_OBJC_WEAK = YES;
				CLANG_WARN_BLOCK_CAPTURE_AUTORELEASING = YES;
				CLANG_WARN_BOOL_CONVERSION = YES;
				CLANG_WARN_COMMA = YES;
				CLANG_WARN_CONSTANT_CONVERSION = YES;
				CLANG_WARN_DEPRECATED_OBJC_IMPLEMENTATIONS = YES;
				CLANG_WARN_DIRECT_OBJC_ISA_USAGE = YES_ERROR;
				CLANG_WARN_DOCUMENTATION_COMMENTS = YES;
				CLANG_WARN_EMPTY_BODY = YES;
				CLANG_WARN_ENUM_CONVERSION = YES;
				CLANG_WARN_INFINITE_RECURSION = YES;
				CLANG_WARN_INT_CONVERSION = YES;
				CLANG_WARN_NON_LITERAL_NULL_CONVERSION = YES;
				CLANG_WARN_OBJC_IMPLICIT_RETAIN_SELF = YES;
				CLANG_WARN_OBJC_LITERAL_CONVERSION = YES;
				CLANG_WARN_OBJC_ROOT_CLASS = YES_ERROR;
				CLANG_WARN_QUOTED_INCLUDE_IN_FRAMEWORK_HEADER = YES;
				CLANG_WARN_RANGE_LOOP_ANALYSIS = YES;
				CLANG_WARN_STRICT_PROTOTYPES = YES;
				CLANG_WARN_SUSPICIOUS_MOVE = YES;
				CLANG_WARN_UNGUARDED_AVAILABILITY = YES_AGGRESSIVE;
				CLANG_WARN_UNREACHABLE_CODE = YES;
				CLANG_WARN__DUPLICATE_METHOD_MATCH = YES;
				COPY_PHASE_STRIP = NO;
				DEBUG_INFORMATION_FORMAT = dwarf;
				ENABLE_STRICT_OBJC_MSGSEND = YES;
				ENABLE_TESTABILITY = YES;
				GCC_C_LANGUAGE_STANDARD = gnu11;
				GCC_DYNAMIC_NO_PIC = NO;
				GCC_NO_COMMON_BLOCKS = YES;
				GCC_OPTIMIZATION_LEVEL = 0;
				GCC_PREPROCESSOR_DEFINITIONS = (
					"DEBUG=1",
					"$(inherited)",
				);
				GCC_WARN_64_TO_32_BIT_CONVERSION = YES;
				GCC_WARN_ABOUT_RETURN_TYPE = YES_ERROR;
				GCC_WARN_UNDECLARED_SELECTOR = YES;
				GCC_WARN_UNINITIALIZED_AUTOS = YES_AGGRESSIVE;
				GCC_WARN_UNUSED_FUNCTION = YES;
				GCC_WARN_UNUSED_VARIABLE = YES;
				MTL_ENABLE_DEBUG_INFO = INCLUDE_SOURCE;
				MTL_FAST_MATH = YES;
				ONLY_ACTIVE_ARCH = YES;
				SWIFT_ACTIVE_COMPILATION_CONDITIONS = DEBUG;
				SWIFT_OPTIMIZATION_LEVEL = "-Onone";
			};
			name = Debug;
		};
		29D153202A3E01E200331DA1 /* Release */ = {
			isa = XCBuildConfiguration;
			buildSettings = {
				ALWAYS_SEARCH_USER_PATHS = NO;
				CLANG_ANALYZER_NONNULL = YES;
				CLANG_ANALYZER_NUMBER_OBJECT_CONVERSION = YES_AGGRESSIVE;
				CLANG_CXX_LANGUAGE_STANDARD = "gnu++20";
				CLANG_ENABLE_MODULES = YES;
				CLANG_ENABLE_OBJC_ARC = YES;
				CLANG_ENABLE_OBJC_WEAK = YES;
				CLANG_WARN_BLOCK_CAPTURE_AUTORELEASING = YES;
				CLANG_WARN_BOOL_CONVERSION = YES;
				CLANG_WARN_COMMA = YES;
				CLANG_WARN_CONSTANT_CONVERSION = YES;
				CLANG_WARN_DEPRECATED_OBJC_IMPLEMENTATIONS = YES;
				CLANG_WARN_DIRECT_OBJC_ISA_USAGE = YES_ERROR;
				CLANG_WARN_DOCUMENTATION_COMMENTS = YES;
				CLANG_WARN_EMPTY_BODY = YES;
				CLANG_WARN_ENUM_CONVERSION = YES;
				CLANG_WARN_INFINITE_RECURSION = YES;
				CLANG_WARN_INT_CONVERSION = YES;
				CLANG_WARN_NON_LITERAL_NULL_CONVERSION = YES;
				CLANG_WARN_OBJC_IMPLICIT_RETAIN_SELF = YES;
				CLANG_WARN_OBJC_LITERAL_CONVERSION = YES;
				CLANG_WARN_OBJC_ROOT_CLASS = YES_ERROR;
				CLANG_WARN_QUOTED_INCLUDE_IN_FRAMEWORK_HEADER = YES;
				CLANG_WARN_RANGE_LOOP_ANALYSIS = YES;
				CLANG_WARN_STRICT_PROTOTYPES = YES;
				CLANG_WARN_SUSPICIOUS_MOVE = YES;
				CLANG_WARN_UNGUARDED_AVAILABILITY = YES_AGGRESSIVE;
				CLANG_WARN_UNREACHABLE_CODE = YES;
				CLANG_WARN__DUPLICATE_METHOD_MATCH = YES;
				COPY_PHASE_STRIP = NO;
				DEBUG_INFORMATION_FORMAT = "dwarf-with-dsym";
				ENABLE_NS_ASSERTIONS = NO;
				ENABLE_STRICT_OBJC_MSGSEND = YES;
				GCC_C_LANGUAGE_STANDARD = gnu11;
				GCC_NO_COMMON_BLOCKS = YES;
				GCC_WARN_64_TO_32_BIT_CONVERSION = YES;
				GCC_WARN_ABOUT_RETURN_TYPE = YES_ERROR;
				GCC_WARN_UNDECLARED_SELECTOR = YES;
				GCC_WARN_UNINITIALIZED_AUTOS = YES_AGGRESSIVE;
				GCC_WARN_UNUSED_FUNCTION = YES;
				GCC_WARN_UNUSED_VARIABLE = YES;
				MTL_ENABLE_DEBUG_INFO = NO;
				MTL_FAST_MATH = YES;
				SWIFT_COMPILATION_MODE = wholemodule;
				SWIFT_OPTIMIZATION_LEVEL = "-O";
			};
			name = Release;
		};
		29D153222A3E01E200331DA1 /* Debug */ = {
			isa = XCBuildConfiguration;
			buildSettings = {
				ASSETCATALOG_COMPILER_APPICON_NAME = AppIcon;
				ASSETCATALOG_COMPILER_GLOBAL_ACCENT_COLOR_NAME = AccentColor;
				CODE_SIGN_ENTITLEMENTS = ToDoList/ToDoList.entitlements;
				CODE_SIGN_STYLE = Automatic;
				CURRENT_PROJECT_VERSION = 1;
				DEVELOPMENT_ASSET_PATHS = "\"ToDoList/Preview Content\"";
				DEVELOPMENT_TEAM = L56W277CA6;
				ENABLE_HARDENED_RUNTIME = YES;
				ENABLE_PREVIEWS = YES;
				GENERATE_INFOPLIST_FILE = YES;
				"INFOPLIST_KEY_UIApplicationSceneManifest_Generation[sdk=iphoneos*]" = YES;
				"INFOPLIST_KEY_UIApplicationSceneManifest_Generation[sdk=iphonesimulator*]" = YES;
				"INFOPLIST_KEY_UIApplicationSupportsIndirectInputEvents[sdk=iphoneos*]" = YES;
				"INFOPLIST_KEY_UIApplicationSupportsIndirectInputEvents[sdk=iphonesimulator*]" = YES;
				"INFOPLIST_KEY_UILaunchScreen_Generation[sdk=iphoneos*]" = YES;
				"INFOPLIST_KEY_UILaunchScreen_Generation[sdk=iphonesimulator*]" = YES;
				"INFOPLIST_KEY_UIStatusBarStyle[sdk=iphoneos*]" = UIStatusBarStyleDefault;
				"INFOPLIST_KEY_UIStatusBarStyle[sdk=iphonesimulator*]" = UIStatusBarStyleDefault;
				INFOPLIST_KEY_UISupportedInterfaceOrientations = UIInterfaceOrientationPortrait;
				INFOPLIST_KEY_UISupportedInterfaceOrientations_iPad = "UIInterfaceOrientationLandscapeLeft UIInterfaceOrientationLandscapeRight UIInterfaceOrientationPortrait UIInterfaceOrientationPortraitUpsideDown";
				IPHONEOS_DEPLOYMENT_TARGET = 16.1;
				LD_RUNPATH_SEARCH_PATHS = "@executable_path/Frameworks";
				"LD_RUNPATH_SEARCH_PATHS[sdk=macosx*]" = "@executable_path/../Frameworks";
				MACOSX_DEPLOYMENT_TARGET = 12.6;
				MARKETING_VERSION = 1.0;
				PRODUCT_BUNDLE_IDENTIFIER = hungrydroid.ToDoList;
				PRODUCT_NAME = "$(TARGET_NAME)";
				SDKROOT = auto;
				SUPPORTED_PLATFORMS = "iphoneos iphonesimulator";
				SUPPORTS_MACCATALYST = NO;
				SUPPORTS_MAC_DESIGNED_FOR_IPHONE_IPAD = NO;
				SWIFT_EMIT_LOC_STRINGS = YES;
				SWIFT_VERSION = 5.0;
				TARGETED_DEVICE_FAMILY = 1;
			};
			name = Debug;
		};
		29D153232A3E01E200331DA1 /* Release */ = {
			isa = XCBuildConfiguration;
			buildSettings = {
				ASSETCATALOG_COMPILER_APPICON_NAME = AppIcon;
				ASSETCATALOG_COMPILER_GLOBAL_ACCENT_COLOR_NAME = AccentColor;
				CODE_SIGN_ENTITLEMENTS = ToDoList/ToDoList.entitlements;
				CODE_SIGN_STYLE = Automatic;
				CURRENT_PROJECT_VERSION = 1;
				DEVELOPMENT_ASSET_PATHS = "\"ToDoList/Preview Content\"";
				DEVELOPMENT_TEAM = L56W277CA6;
				ENABLE_HARDENED_RUNTIME = YES;
				ENABLE_PREVIEWS = YES;
				GENERATE_INFOPLIST_FILE = YES;
				"INFOPLIST_KEY_UIApplicationSceneManifest_Generation[sdk=iphoneos*]" = YES;
				"INFOPLIST_KEY_UIApplicationSceneManifest_Generation[sdk=iphonesimulator*]" = YES;
				"INFOPLIST_KEY_UIApplicationSupportsIndirectInputEvents[sdk=iphoneos*]" = YES;
				"INFOPLIST_KEY_UIApplicationSupportsIndirectInputEvents[sdk=iphonesimulator*]" = YES;
				"INFOPLIST_KEY_UILaunchScreen_Generation[sdk=iphoneos*]" = YES;
				"INFOPLIST_KEY_UILaunchScreen_Generation[sdk=iphonesimulator*]" = YES;
				"INFOPLIST_KEY_UIStatusBarStyle[sdk=iphoneos*]" = UIStatusBarStyleDefault;
				"INFOPLIST_KEY_UIStatusBarStyle[sdk=iphonesimulator*]" = UIStatusBarStyleDefault;
				INFOPLIST_KEY_UISupportedInterfaceOrientations = UIInterfaceOrientationPortrait;
				INFOPLIST_KEY_UISupportedInterfaceOrientations_iPad = "UIInterfaceOrientationLandscapeLeft UIInterfaceOrientationLandscapeRight UIInterfaceOrientationPortrait UIInterfaceOrientationPortraitUpsideDown";
				IPHONEOS_DEPLOYMENT_TARGET = 16.1;
				LD_RUNPATH_SEARCH_PATHS = "@executable_path/Frameworks";
				"LD_RUNPATH_SEARCH_PATHS[sdk=macosx*]" = "@executable_path/../Frameworks";
				MACOSX_DEPLOYMENT_TARGET = 12.6;
				MARKETING_VERSION = 1.0;
				PRODUCT_BUNDLE_IDENTIFIER = hungrydroid.ToDoList;
				PRODUCT_NAME = "$(TARGET_NAME)";
				SDKROOT = auto;
				SUPPORTED_PLATFORMS = "iphoneos iphonesimulator";
				SUPPORTS_MACCATALYST = NO;
				SUPPORTS_MAC_DESIGNED_FOR_IPHONE_IPAD = NO;
				SWIFT_EMIT_LOC_STRINGS = YES;
				SWIFT_VERSION = 5.0;
				TARGETED_DEVICE_FAMILY = 1;
			};
			name = Release;
		};
/* End XCBuildConfiguration section */

/* Begin XCConfigurationList section */
		29D1530D2A3E01E000331DA1 /* Build configuration list for PBXProject "ToDoList" */ = {
			isa = XCConfigurationList;
			buildConfigurations = (
				29D1531F2A3E01E200331DA1 /* Debug */,
				29D153202A3E01E200331DA1 /* Release */,
			);
			defaultConfigurationIsVisible = 0;
			defaultConfigurationName = Release;
		};
		29D153212A3E01E200331DA1 /* Build configuration list for PBXNativeTarget "ToDoList" */ = {
			isa = XCConfigurationList;
			buildConfigurations = (
				29D153222A3E01E200331DA1 /* Debug */,
				29D153232A3E01E200331DA1 /* Release */,
			);
			defaultConfigurationIsVisible = 0;
			defaultConfigurationName = Release;
		};
/* End XCConfigurationList section */

/* Begin XCRemoteSwiftPackageReference section */
		29D153242A3E079500331DA1 /* XCRemoteSwiftPackageReference "firebase-ios-sdk" */ = {
			isa = XCRemoteSwiftPackageReference;
			repositoryURL = "https://github.com/firebase/firebase-ios-sdk";
			requirement = {
				kind = upToNextMajorVersion;
				minimumVersion = 9.0.0;
			};
		};
/* End XCRemoteSwiftPackageReference section */

/* Begin XCSwiftPackageProductDependency section */
		29D153252A3E079500331DA1 /* FirebaseAuth */ = {
			isa = XCSwiftPackageProductDependency;
			package = 29D153242A3E079500331DA1 /* XCRemoteSwiftPackageReference "firebase-ios-sdk" */;
			productName = FirebaseAuth;
		};
		29D153272A3E079500331DA1 /* FirebaseFirestore */ = {
			isa = XCSwiftPackageProductDependency;
			package = 29D153242A3E079500331DA1 /* XCRemoteSwiftPackageReference "firebase-ios-sdk" */;
			productName = FirebaseFirestore;
		};
		29D153292A3E079500331DA1 /* FirebaseFirestoreSwift */ = {
			isa = XCSwiftPackageProductDependency;
			package = 29D153242A3E079500331DA1 /* XCRemoteSwiftPackageReference "firebase-ios-sdk" */;
			productName = FirebaseFirestoreSwift;
		};
/* End XCSwiftPackageProductDependency section */
	};
	rootObject = 29D1530A2A3E01E000331DA1 /* Project object */;
}
